version = 1
revision = 3
requires-python = ">=3.13"

[[package]]
name = "llvmlite"
version = "0.45.0"
source = { registry = "https://pypi.org/simple" }
sdist = { url = "https://files.pythonhosted.org/packages/9d/73/4b29b502618766276816f2f2a7cf9017bd3889bc38a49319bee9ad492b75/llvmlite-0.45.0.tar.gz", hash = "sha256:ceb0bcd20da949178bd7ab78af8de73e9f3c483ac46b5bef39f06a4862aa8336", size = 185289, upload-time = "2025-09-18T17:47:14.293Z" }
wheels = [
    { url = "https://files.pythonhosted.org/packages/d2/1e/dd09f15cf59eb528101917916291a6021148c356908e34c726e139a95687/llvmlite-0.45.0-cp313-cp313-macosx_10_15_x86_64.whl", hash = "sha256:f719f98e4f3a6292b1a6495500b2cf668d3604907499c483b326da5ce2ff9f01", size = 43043440, upload-time = "2025-09-18T17:41:46.947Z" },
    { url = "https://files.pythonhosted.org/packages/cd/e3/5d43a20dec7561a34f81081612eb860b8ee26233cf44cce7fc39c3aff4e9/llvmlite-0.45.0-cp313-cp313-macosx_12_0_arm64.whl", hash = "sha256:4ffa899f7584ef48f1037308d92cb19460a0afb834aa1fe9db9d3e52d0e81a79", size = 37253036, upload-time = "2025-09-18T17:43:18.15Z" },
    { url = "https://files.pythonhosted.org/packages/00/c4/c2e5ade9354908630aec2eeeeacbfe341a96d07e080dc0cd25cbbb9c8c82/llvmlite-0.45.0-cp313-cp313-manylinux2014_x86_64.manylinux_2_17_x86_64.whl", hash = "sha256:2c12fde908967e464b265554143c030ba4dcc2b981a815582d7708a30295018e", size = 56288125, upload-time = "2025-09-18T17:37:32.215Z" },
    { url = "https://files.pythonhosted.org/packages/95/d5/d5aefc379e189d83483d7263efe794f5ee0783ad90be1b09f58b98c738ee/llvmlite-0.45.0-cp313-cp313-manylinux_2_27_aarch64.manylinux_2_28_aarch64.whl", hash = "sha256:83567cbbf598eb57f108222dfc3dfee065c20a2aa004391360949f2e8ff2b8b4", size = 55140873, upload-time = "2025-09-18T17:39:44.928Z" },
    { url = "https://files.pythonhosted.org/packages/21/16/bac6a35ae77d6f881d2c6b54cbb2df2b07e030e1a66da8041359d09b0d87/llvmlite-0.45.0-cp313-cp313-win_amd64.whl", hash = "sha256:f68890ceb662e874933103e91e239389ff7275c4befba8e43ccd46ae3231b89e", size = 37946102, upload-time = "2025-09-18T17:44:56.051Z" },
]

[[package]]
name = "numba"
version = "0.62.0"
source = { registry = "https://pypi.org/simple" }
dependencies = [
    { name = "llvmlite" },
    { name = "numpy" },
]
sdist = { url = "https://files.pythonhosted.org/packages/e5/96/66dae7911cb331e99bf9afe35703317d8da0fad81ff49fed77f4855e4b60/numba-0.62.0.tar.gz", hash = "sha256:2afcc7899dc93fefecbb274a19c592170bc2dbfae02b00f83e305332a9857a5a", size = 2749680, upload-time = "2025-09-18T17:58:11.394Z" }
wheels = [
    { url = "https://files.pythonhosted.org/packages/33/ff/dd3047eb05e9bcf5c986885a645d8dd1df509ebf1f9b0091c143b1ebc6b4/numba-0.62.0-cp313-cp313-macosx_10_15_x86_64.whl", hash = "sha256:07e76ac7bcd47156a758df52e9752fdfb94ff5f80b78c4710cabc568d8d3d6ad", size = 2685768, upload-time = "2025-09-18T17:59:21.128Z" },
    { url = "https://files.pythonhosted.org/packages/b9/57/bdc50e30b8fcf387cfe596e42ec4d9b8b3e2121cc1171ecbb990535a9aa9/numba-0.62.0-cp313-cp313-macosx_12_0_arm64.whl", hash = "sha256:a972689dad64a7047f555d93ce829fe05ca2519ad0cf7af0071a64145c571039", size = 2688742, upload-time = "2025-09-18T17:59:34.674Z" },
    { url = "https://files.pythonhosted.org/packages/45/1e/e4e3fe4bcd971ea8e5f22f58f4dcce4b9f69c1299ff81f5740e3a007e817/numba-0.62.0-cp313-cp313-manylinux2014_x86_64.manylinux_2_17_x86_64.whl", hash = "sha256:f789b1f2997fc34b1b88fcc4481886dcd44afcffbd3e28affedce54aec7fdcc1", size = 3514481, upload-time = "2025-09-18T17:58:51.201Z" },
    { url = "https://files.pythonhosted.org/packages/f0/ac/98205cb536b756a3b9d2d198df8deee32cb4ec01740af77715c67f84c402/numba-0.62.0-cp313-cp313-manylinux_2_27_aarch64.manylinux_2_28_aarch64.whl", hash = "sha256:516525981f19f36d3a0bada0fb7479cf0bf925b5e389d03aac87f3758c5cfb9e", size = 3503501, upload-time = "2025-09-18T17:59:06.568Z" },
    { url = "https://files.pythonhosted.org/packages/98/a2/3a9eb747d77693054504540e9da0640c169dd97e3e268c1150bf55a22b97/numba-0.62.0-cp313-cp313-win_amd64.whl", hash = "sha256:591a9c485904f219a129b0493f89d27de24286fb66dd5a577b11edc62fc78db4", size = 2745529, upload-time = "2025-09-18T17:59:47.496Z" },
]

[[package]]
name = "numpy"
version = "2.3.3"
source = { registry = "https://pypi.org/simple" }
sdist = { url = "https://files.pythonhosted.org/packages/d0/19/95b3d357407220ed24c139018d2518fab0a61a948e68286a25f1a4d049ff/numpy-2.3.3.tar.gz", hash = "sha256:ddc7c39727ba62b80dfdbedf400d1c10ddfa8eefbd7ec8dcb118be8b56d31029", size = 20576648, upload-time = "2025-09-09T16:54:12.543Z" }
wheels = [
    { url = "https://files.pythonhosted.org/packages/7d/b9/984c2b1ee61a8b803bf63582b4ac4242cf76e2dbd663efeafcb620cc0ccb/numpy-2.3.3-cp313-cp313-macosx_10_13_x86_64.whl", hash = "sha256:f5415fb78995644253370985342cd03572ef8620b934da27d77377a2285955bf", size = 20949588, upload-time = "2025-09-09T15:56:59.087Z" },
    { url = "https://files.pythonhosted.org/packages/a6/e4/07970e3bed0b1384d22af1e9912527ecbeb47d3b26e9b6a3bced068b3bea/numpy-2.3.3-cp313-cp313-macosx_11_0_arm64.whl", hash = "sha256:d00de139a3324e26ed5b95870ce63be7ec7352171bc69a4cf1f157a48e3eb6b7", size = 14177802, upload-time = "2025-09-09T15:57:01.73Z" },
    { url = "https://files.pythonhosted.org/packages/35/c7/477a83887f9de61f1203bad89cf208b7c19cc9fef0cebef65d5a1a0619f2/numpy-2.3.3-cp313-cp313-macosx_14_0_arm64.whl", hash = "sha256:9dc13c6a5829610cc07422bc74d3ac083bd8323f14e2827d992f9e52e22cd6a6", size = 5106537, upload-time = "2025-09-09T15:57:03.765Z" },
    { url = "https://files.pythonhosted.org/packages/52/47/93b953bd5866a6f6986344d045a207d3f1cfbad99db29f534ea9cee5108c/numpy-2.3.3-cp313-cp313-macosx_14_0_x86_64.whl", hash = "sha256:d79715d95f1894771eb4e60fb23f065663b2298f7d22945d66877aadf33d00c7", size = 6640743, upload-time = "2025-09-09T15:57:07.921Z" },
    { url = "https://files.pythonhosted.org/packages/23/83/377f84aaeb800b64c0ef4de58b08769e782edcefa4fea712910b6f0afd3c/numpy-2.3.3-cp313-cp313-manylinux_2_27_aarch64.manylinux_2_28_aarch64.whl", hash = "sha256:952cfd0748514ea7c3afc729a0fc639e61655ce4c55ab9acfab14bda4f402b4c", size = 14278881, upload-time = "2025-09-09T15:57:11.349Z" },
    { url = "https://files.pythonhosted.org/packages/9a/a5/bf3db6e66c4b160d6ea10b534c381a1955dfab34cb1017ea93aa33c70ed3/numpy-2.3.3-cp313-cp313-manylinux_2_27_x86_64.manylinux_2_28_x86_64.whl", hash = "sha256:5b83648633d46f77039c29078751f80da65aa64d5622a3cd62aaef9d835b6c93", size = 16636301, upload-time = "2025-09-09T15:57:14.245Z" },
    { url = "https://files.pythonhosted.org/packages/a2/59/1287924242eb4fa3f9b3a2c30400f2e17eb2707020d1c5e3086fe7330717/numpy-2.3.3-cp313-cp313-musllinux_1_2_aarch64.whl", hash = "sha256:b001bae8cea1c7dfdb2ae2b017ed0a6f2102d7a70059df1e338e307a4c78a8ae", size = 16053645, upload-time = "2025-09-09T15:57:16.534Z" },
    { url = "https://files.pythonhosted.org/packages/e6/93/b3d47ed882027c35e94ac2320c37e452a549f582a5e801f2d34b56973c97/numpy-2.3.3-cp313-cp313-musllinux_1_2_x86_64.whl", hash = "sha256:8e9aced64054739037d42fb84c54dd38b81ee238816c948c8f3ed134665dcd86", size = 18578179, upload-time = "2025-09-09T15:57:18.883Z" },
    { url = "https://files.pythonhosted.org/packages/20/d9/487a2bccbf7cc9d4bfc5f0f197761a5ef27ba870f1e3bbb9afc4bbe3fcc2/numpy-2.3.3-cp313-cp313-win32.whl", hash = "sha256:9591e1221db3f37751e6442850429b3aabf7026d3b05542d102944ca7f00c8a8", size = 6312250, upload-time = "2025-09-09T15:57:21.296Z" },
    { url = "https://files.pythonhosted.org/packages/1b/b5/263ebbbbcede85028f30047eab3d58028d7ebe389d6493fc95ae66c636ab/numpy-2.3.3-cp313-cp313-win_amd64.whl", hash = "sha256:f0dadeb302887f07431910f67a14d57209ed91130be0adea2f9793f1a4f817cf", size = 12783269, upload-time = "2025-09-09T15:57:23.034Z" },
    { url = "https://files.pythonhosted.org/packages/fa/75/67b8ca554bbeaaeb3fac2e8bce46967a5a06544c9108ec0cf5cece559b6c/numpy-2.3.3-cp313-cp313-win_arm64.whl", hash = "sha256:3c7cf302ac6e0b76a64c4aecf1a09e51abd9b01fc7feee80f6c43e3ab1b1dbc5", size = 10195314, upload-time = "2025-09-09T15:57:25.045Z" },
    { url = "https://files.pythonhosted.org/packages/11/d0/0d1ddec56b162042ddfafeeb293bac672de9b0cfd688383590090963720a/numpy-2.3.3-cp313-cp313t-macosx_10_13_x86_64.whl", hash = "sha256:eda59e44957d272846bb407aad19f89dc6f58fecf3504bd144f4c5cf81a7eacc", size = 21048025, upload-time = "2025-09-09T15:57:27.257Z" },
    { url = "https://files.pythonhosted.org/packages/36/9e/1996ca6b6d00415b6acbdd3c42f7f03ea256e2c3f158f80bd7436a8a19f3/numpy-2.3.3-cp313-cp313t-macosx_11_0_arm64.whl", hash = "sha256:823d04112bc85ef5c4fda73ba24e6096c8f869931405a80aa8b0e604510a26bc", size = 14301053, upload-time = "2025-09-09T15:57:30.077Z" },
    { url = "https://files.pythonhosted.org/packages/05/24/43da09aa764c68694b76e84b3d3f0c44cb7c18cdc1ba80e48b0ac1d2cd39/numpy-2.3.3-cp313-cp313t-macosx_14_0_arm64.whl", hash = "sha256:40051003e03db4041aa325da2a0971ba41cf65714e65d296397cc0e32de6018b", size = 5229444, upload-time = "2025-09-09T15:57:32.733Z" },
    { url = "https://files.pythonhosted.org/packages/bc/14/50ffb0f22f7218ef8af28dd089f79f68289a7a05a208db9a2c5dcbe123c1/numpy-2.3.3-cp313-cp313t-macosx_14_0_x86_64.whl", hash = "sha256:6ee9086235dd6ab7ae75aba5662f582a81ced49f0f1c6de4260a78d8f2d91a19", size = 6738039, upload-time = "2025-09-09T15:57:34.328Z" },
    { url = "https://files.pythonhosted.org/packages/55/52/af46ac0795e09657d45a7f4db961917314377edecf66db0e39fa7ab5c3d3/numpy-2.3.3-cp313-cp313t-manylinux_2_27_aarch64.manylinux_2_28_aarch64.whl", hash = "sha256:94fcaa68757c3e2e668ddadeaa86ab05499a70725811e582b6a9858dd472fb30", size = 14352314, upload-time = "2025-09-09T15:57:36.255Z" },
    { url = "https://files.pythonhosted.org/packages/a7/b1/dc226b4c90eb9f07a3fff95c2f0db3268e2e54e5cce97c4ac91518aee71b/numpy-2.3.3-cp313-cp313t-manylinux_2_27_x86_64.manylinux_2_28_x86_64.whl", hash = "sha256:da1a74b90e7483d6ce5244053399a614b1d6b7bc30a60d2f570e5071f8959d3e", size = 16701722, upload-time = "2025-09-09T15:57:38.622Z" },
    { url = "https://files.pythonhosted.org/packages/9d/9d/9d8d358f2eb5eced14dba99f110d83b5cd9a4460895230f3b396ad19a323/numpy-2.3.3-cp313-cp313t-musllinux_1_2_aarch64.whl", hash = "sha256:2990adf06d1ecee3b3dcbb4977dfab6e9f09807598d647f04d385d29e7a3c3d3", size = 16132755, upload-time = "2025-09-09T15:57:41.16Z" },
    { url = "https://files.pythonhosted.org/packages/b6/27/b3922660c45513f9377b3fb42240bec63f203c71416093476ec9aa0719dc/numpy-2.3.3-cp313-cp313t-musllinux_1_2_x86_64.whl", hash = "sha256:ed635ff692483b8e3f0fcaa8e7eb8a75ee71aa6d975388224f70821421800cea", size = 18651560, upload-time = "2025-09-09T15:57:43.459Z" },
    { url = "https://files.pythonhosted.org/packages/5b/8e/3ab61a730bdbbc201bb245a71102aa609f0008b9ed15255500a99cd7f780/numpy-2.3.3-cp313-cp313t-win32.whl", hash = "sha256:a333b4ed33d8dc2b373cc955ca57babc00cd6f9009991d9edc5ddbc1bac36bcd", size = 6442776, upload-time = "2025-09-09T15:57:45.793Z" },
    { url = "https://files.pythonhosted.org/packages/1c/3a/e22b766b11f6030dc2decdeff5c2fb1610768055603f9f3be88b6d192fb2/numpy-2.3.3-cp313-cp313t-win_amd64.whl", hash = "sha256:4384a169c4d8f97195980815d6fcad04933a7e1ab3b530921c3fef7a1c63426d", size = 12927281, upload-time = "2025-09-09T15:57:47.492Z" },
    { url = "https://files.pythonhosted.org/packages/7b/42/c2e2bc48c5e9b2a83423f99733950fbefd86f165b468a3d85d52b30bf782/numpy-2.3.3-cp313-cp313t-win_arm64.whl", hash = "sha256:75370986cc0bc66f4ce5110ad35aae6d182cc4ce6433c40ad151f53690130bf1", size = 10265275, upload-time = "2025-09-09T15:57:49.647Z" },
    { url = "https://files.pythonhosted.org/packages/6b/01/342ad585ad82419b99bcf7cebe99e61da6bedb89e213c5fd71acc467faee/numpy-2.3.3-cp314-cp314-macosx_10_13_x86_64.whl", hash = "sha256:cd052f1fa6a78dee696b58a914b7229ecfa41f0a6d96dc663c1220a55e137593", size = 20951527, upload-time = "2025-09-09T15:57:52.006Z" },
    { url = "https://files.pythonhosted.org/packages/ef/d8/204e0d73fc1b7a9ee80ab1fe1983dd33a4d64a4e30a05364b0208e9a241a/numpy-2.3.3-cp314-cp314-macosx_11_0_arm64.whl", hash = "sha256:414a97499480067d305fcac9716c29cf4d0d76db6ebf0bf3cbce666677f12652", size = 14186159, upload-time = "2025-09-09T15:57:54.407Z" },
    { url = "https://files.pythonhosted.org/packages/22/af/f11c916d08f3a18fb8ba81ab72b5b74a6e42ead4c2846d270eb19845bf74/numpy-2.3.3-cp314-cp314-macosx_14_0_arm64.whl", hash = "sha256:50a5fe69f135f88a2be9b6ca0481a68a136f6febe1916e4920e12f1a34e708a7", size = 5114624, upload-time = "2025-09-09T15:57:56.5Z" },
    { url = "https://files.pythonhosted.org/packages/fb/11/0ed919c8381ac9d2ffacd63fd1f0c34d27e99cab650f0eb6f110e6ae4858/numpy-2.3.3-cp314-cp314-macosx_14_0_x86_64.whl", hash = "sha256:b912f2ed2b67a129e6a601e9d93d4fa37bef67e54cac442a2f588a54afe5c67a", size = 6642627, upload-time = "2025-09-09T15:57:58.206Z" },
    { url = "https://files.pythonhosted.org/packages/ee/83/deb5f77cb0f7ba6cb52b91ed388b47f8f3c2e9930d4665c600408d9b90b9/numpy-2.3.3-cp314-cp314-manylinux_2_27_aarch64.manylinux_2_28_aarch64.whl", hash = "sha256:9e318ee0596d76d4cb3d78535dc005fa60e5ea348cd131a51e99d0bdbe0b54fe", size = 14296926, upload-time = "2025-09-09T15:58:00.035Z" },
    { url = "https://files.pythonhosted.org/packages/77/cc/70e59dcb84f2b005d4f306310ff0a892518cc0c8000a33d0e6faf7ca8d80/numpy-2.3.3-cp314-cp314-manylinux_2_27_x86_64.manylinux_2_28_x86_64.whl", hash = "sha256:ce020080e4a52426202bdb6f7691c65bb55e49f261f31a8f506c9f6bc7450421", size = 16638958, upload-time = "2025-09-09T15:58:02.738Z" },
    { url = "https://files.pythonhosted.org/packages/b6/5a/b2ab6c18b4257e099587d5b7f903317bd7115333ad8d4ec4874278eafa61/numpy-2.3.3-cp314-cp314-musllinux_1_2_aarch64.whl", hash = "sha256:e6687dc183aa55dae4a705b35f9c0f8cb178bcaa2f029b241ac5356221d5c021", size = 16071920, upload-time = "2025-09-09T15:58:05.029Z" },
    { url = "https://files.pythonhosted.org/packages/b8/f1/8b3fdc44324a259298520dd82147ff648979bed085feeacc1250ef1656c0/numpy-2.3.3-cp314-cp314-musllinux_1_2_x86_64.whl", hash = "sha256:d8f3b1080782469fdc1718c4ed1d22549b5fb12af0d57d35e992158a772a37cf", size = 18577076, upload-time = "2025-09-09T15:58:07.745Z" },
    { url = "https://files.pythonhosted.org/packages/f0/a1/b87a284fb15a42e9274e7fcea0dad259d12ddbf07c1595b26883151ca3b4/numpy-2.3.3-cp314-cp314-win32.whl", hash = "sha256:cb248499b0bc3be66ebd6578b83e5acacf1d6cb2a77f2248ce0e40fbec5a76d0", size = 6366952, upload-time = "2025-09-09T15:58:10.096Z" },
    { url = "https://files.pythonhosted.org/packages/70/5f/1816f4d08f3b8f66576d8433a66f8fa35a5acfb3bbd0bf6c31183b003f3d/numpy-2.3.3-cp314-cp314-win_amd64.whl", hash = "sha256:691808c2b26b0f002a032c73255d0bd89751425f379f7bcd22d140db593a96e8", size = 12919322, upload-time = "2025-09-09T15:58:12.138Z" },
    { url = "https://files.pythonhosted.org/packages/8c/de/072420342e46a8ea41c324a555fa90fcc11637583fb8df722936aed1736d/numpy-2.3.3-cp314-cp314-win_arm64.whl", hash = "sha256:9ad12e976ca7b10f1774b03615a2a4bab8addce37ecc77394d8e986927dc0dfe", size = 10478630, upload-time = "2025-09-09T15:58:14.64Z" },
    { url = "https://files.pythonhosted.org/packages/d5/df/ee2f1c0a9de7347f14da5dd3cd3c3b034d1b8607ccb6883d7dd5c035d631/numpy-2.3.3-cp314-cp314t-macosx_10_13_x86_64.whl", hash = "sha256:9cc48e09feb11e1db00b320e9d30a4151f7369afb96bd0e48d942d09da3a0d00", size = 21047987, upload-time = "2025-09-09T15:58:16.889Z" },
    { url = "https://files.pythonhosted.org/packages/d6/92/9453bdc5a4e9e69cf4358463f25e8260e2ffc126d52e10038b9077815989/numpy-2.3.3-cp314-cp314t-macosx_11_0_arm64.whl", hash = "sha256:901bf6123879b7f251d3631967fd574690734236075082078e0571977c6a8e6a", size = 14301076, upload-time = "2025-09-09T15:58:20.343Z" },
    { url = "https://files.pythonhosted.org/packages/13/77/1447b9eb500f028bb44253105bd67534af60499588a5149a94f18f2ca917/numpy-2.3.3-cp314-cp314t-macosx_14_0_arm64.whl", hash = "sha256:7f025652034199c301049296b59fa7d52c7e625017cae4c75d8662e377bf487d", size = 5229491, upload-time = "2025-09-09T15:58:22.481Z" },
    { url = "https://files.pythonhosted.org/packages/3d/f9/d72221b6ca205f9736cb4b2ce3b002f6e45cd67cd6a6d1c8af11a2f0b649/numpy-2.3.3-cp314-cp314t-macosx_14_0_x86_64.whl", hash = "sha256:533ca5f6d325c80b6007d4d7fb1984c303553534191024ec6a524a4c92a5935a", size = 6737913, upload-time = "2025-09-09T15:58:24.569Z" },
    { url = "https://files.pythonhosted.org/packages/3c/5f/d12834711962ad9c46af72f79bb31e73e416ee49d17f4c797f72c96b6ca5/numpy-2.3.3-cp314-cp314t-manylinux_2_27_aarch64.manylinux_2_28_aarch64.whl", hash = "sha256:0edd58682a399824633b66885d699d7de982800053acf20be1eaa46d92009c54", size = 14352811, upload-time = "2025-09-09T15:58:26.416Z" },
    { url = "https://files.pythonhosted.org/packages/a1/0d/fdbec6629d97fd1bebed56cd742884e4eead593611bbe1abc3eb40d304b2/numpy-2.3.3-cp314-cp314t-manylinux_2_27_x86_64.manylinux_2_28_x86_64.whl", hash = "sha256:367ad5d8fbec5d9296d18478804a530f1191e24ab4d75ab408346ae88045d25e", size = 16702689, upload-time = "2025-09-09T15:58:28.831Z" },
    { url = "https://files.pythonhosted.org/packages/9b/09/0a35196dc5575adde1eb97ddfbc3e1687a814f905377621d18ca9bc2b7dd/numpy-2.3.3-cp314-cp314t-musllinux_1_2_aarch64.whl", hash = "sha256:8f6ac61a217437946a1fa48d24c47c91a0c4f725237871117dea264982128097", size = 16133855, upload-time = "2025-09-09T15:58:31.349Z" },
    { url = "https://files.pythonhosted.org/packages/7a/ca/c9de3ea397d576f1b6753eaa906d4cdef1bf97589a6d9825a349b4729cc2/numpy-2.3.3-cp314-cp314t-musllinux_1_2_x86_64.whl", hash = "sha256:179a42101b845a816d464b6fe9a845dfaf308fdfc7925387195570789bb2c970", size = 18652520, upload-time = "2025-09-09T15:58:33.762Z" },
    { url = "https://files.pythonhosted.org/packages/fd/c2/e5ed830e08cd0196351db55db82f65bc0ab05da6ef2b72a836dcf1936d2f/numpy-2.3.3-cp314-cp314t-win32.whl", hash = "sha256:1250c5d3d2562ec4174bce2e3a1523041595f9b651065e4a4473f5f48a6bc8a5", size = 6515371, upload-time = "2025-09-09T15:58:36.04Z" },
    { url = "https://files.pythonhosted.org/packages/47/c7/b0f6b5b67f6788a0725f744496badbb604d226bf233ba716683ebb47b570/numpy-2.3.3-cp314-cp314t-win_amd64.whl", hash = "sha256:b37a0b2e5935409daebe82c1e42274d30d9dd355852529eab91dab8dcca7419f", size = 13112576, upload-time = "2025-09-09T15:58:37.927Z" },
    { url = "https://files.pythonhosted.org/packages/06/b9/33bba5ff6fb679aa0b1f8a07e853f002a6b04b9394db3069a1270a7784ca/numpy-2.3.3-cp314-cp314t-win_arm64.whl", hash = "sha256:78c9f6560dc7e6b3990e32df7ea1a50bbd0e2a111e05209963f5ddcab7073b0b", size = 10545953, upload-time = "2025-09-09T15:58:40.576Z" },
]

[[package]]
name = "packaging"
version = "25.0"
source = { registry = "https://pypi.org/simple" }
sdist = { url = "https://files.pythonhosted.org/packages/a1/d4/1fc4078c65507b51b96ca8f8c3ba19e6a61c8253c72794544580a7b6c24d/packaging-25.0.tar.gz", hash = "sha256:d443872c98d677bf60f6a1f2f8c1cb748e8fe762d2bf9d3148b5599295b0fc4f", size = 165727, upload-time = "2025-04-19T11:48:59.673Z" }
wheels = [
    { url = "https://files.pythonhosted.org/packages/20/12/38679034af332785aac8774540895e234f4d07f7545804097de4b666afd8/packaging-25.0-py3-none-any.whl", hash = "sha256:29572ef2b1f17581046b3a2227d5c611fb25ec70ca1ba8554b24b0e69331a484", size = 66469, upload-time = "2025-04-19T11:48:57.875Z" },
]

[[package]]
name = "pyqt6"
version = "6.9.1"
source = { registry = "https://pypi.org/simple" }
dependencies = [
    { name = "pyqt6-qt6" },
    { name = "pyqt6-sip" },
]
sdist = { url = "https://files.pythonhosted.org/packages/32/1b/567f46eb43ca961efd38d7a0b73efb70d7342854f075fd919179fdb2a571/pyqt6-6.9.1.tar.gz", hash = "sha256:50642be03fb40f1c2111a09a1f5a0f79813e039c15e78267e6faaf8a96c1c3a6", size = 1067230, upload-time = "2025-06-06T08:49:30.307Z" }
wheels = [
    { url = "https://files.pythonhosted.org/packages/18/c4/fc2a69cf3df09b213185ef5a677c3940cd20e7855d29e40061a685b9c6ee/pyqt6-6.9.1-cp39-abi3-macosx_10_14_universal2.whl", hash = "sha256:33c23d28f6608747ecc8bfd04c8795f61631af9db4fb1e6c2a7523ec4cc916d9", size = 59770566, upload-time = "2025-06-06T08:48:20.331Z" },
    { url = "https://files.pythonhosted.org/packages/d5/78/92f3c46440a83ebe22ae614bd6792e7b052bcb58ff128f677f5662015184/pyqt6-6.9.1-cp39-abi3-manylinux_2_28_x86_64.whl", hash = "sha256:37884df27f774e2e1c0c96fa41e817a222329b80ffc6241725b0dc8c110acb35", size = 37804959, upload-time = "2025-06-06T08:48:39.587Z" },
    { url = "https://files.pythonhosted.org/packages/5a/5e/e77fa2761d809cd08d724f44af01a4b6ceb0ff9648e43173187b0e4fac4e/pyqt6-6.9.1-cp39-abi3-manylinux_2_39_aarch64.whl", hash = "sha256:055870b703c1a49ca621f8a89e2ec4d848e6c739d39367eb9687af3b056d9aa3", size = 40414608, upload-time = "2025-06-06T08:49:00.26Z" },
    { url = "https://files.pythonhosted.org/packages/c4/09/69cf80456b6a985e06dd24ed0c2d3451e43567bf2807a5f3a86ef7a74a2e/pyqt6-6.9.1-cp39-abi3-win_amd64.whl", hash = "sha256:15b95bd273bb6288b070ed7a9503d5ff377aa4882dd6d175f07cad28cdb21da0", size = 25717996, upload-time = "2025-06-06T08:49:13.208Z" },
    { url = "https://files.pythonhosted.org/packages/52/b3/0839d8fd18b86362a4de384740f2f6b6885b5d06fda7720f8a335425e316/pyqt6-6.9.1-cp39-abi3-win_arm64.whl", hash = "sha256:08792c72d130a02e3248a120f0b9bbb4bf4319095f92865bc5b365b00518f53d", size = 25212132, upload-time = "2025-06-06T08:49:27.41Z" },
]

[[package]]
name = "pyqt6-qt6"
version = "6.9.2"
source = { registry = "https://pypi.org/simple" }
wheels = [
    { url = "https://files.pythonhosted.org/packages/14/6f/fe2cd9cb2201c685be2f50c8c915df97848cac3dca4bad44bc3aed56fc63/pyqt6_qt6-6.9.2-py3-none-macosx_10_14_x86_64.whl", hash = "sha256:183b62be49216da80c7df1931d74885610a88f74812489d29610d13b7c215a1c", size = 66568266, upload-time = "2025-09-01T11:43:31.339Z" },
    { url = "https://files.pythonhosted.org/packages/db/1d/47dc51b4383b350f4ff6b1db461b01eba580030683ffa65475b4fdd9b80d/pyqt6_qt6-6.9.2-py3-none-macosx_11_0_arm64.whl", hash = "sha256:7897fb74ee21bdc87b5ccf84e94f4a551377e792fd180a9211c17eb41c3338a3", size = 60859706, upload-time = "2025-09-01T11:43:36.624Z" },
    { url = "https://files.pythonhosted.org/packages/a8/07/21f7dc188e35b46631707f3b40ace5643a0e03a8e1e446854826d08a04ae/pyqt6_qt6-6.9.2-py3-none-manylinux_2_28_x86_64.whl", hash = "sha256:9abfc0ee4a8293a6442128ae3f87f68e82e2a949d7b9caabd98c86ba5679ab48", size = 82322871, upload-time = "2025-09-01T11:43:41.685Z" },
    { url = "https://files.pythonhosted.org/packages/0c/c0/da658e735817feaa35ddfddb4c5d699291e8b8e3138e69ad7ae1a38a7db8/pyqt6_qt6-6.9.2-py3-none-manylinux_2_39_aarch64.whl", hash = "sha256:940aac6462532578e8ddefe0494cd17e33a85e0f3cfb21c612f56ab9ad7bc871", size = 80826693, upload-time = "2025-09-01T11:43:46.823Z" },
    { url = "https://files.pythonhosted.org/packages/63/3a/d811ed1aa579b93ab56188d1371b05eacb4188599d83e72b761263a10f92/pyqt6_qt6-6.9.2-py3-none-win_amd64.whl", hash = "sha256:f9289768039bef4a63e5949b7f8cfbbddc3b6d24bd58c21ba0f2921bed8d1c08", size = 74147171, upload-time = "2025-09-01T11:43:53.468Z" },
    { url = "https://files.pythonhosted.org/packages/57/59/7db6c5ddcb60ef3ecca2040274a30e8bc35b569c49e25e1cf2ef9f159426/pyqt6_qt6-6.9.2-py3-none-win_arm64.whl", hash = "sha256:8f82944ef68c8f8c78aa8eca4832c7bc05116c6de00a3bad8af5a0d63d1caafb", size = 54534019, upload-time = "2025-09-01T11:43:58.763Z" },
]

[[package]]
name = "pyqt6-sip"
version = "13.10.2"
source = { registry = "https://pypi.org/simple" }
sdist = { url = "https://files.pythonhosted.org/packages/2f/4a/96daf6c2e4f689faae9bd8cebb52754e76522c58a6af9b5ec86a2e8ec8b4/pyqt6_sip-13.10.2.tar.gz", hash = "sha256:464ad156bf526500ce6bd05cac7a82280af6309974d816739b4a9a627156fafe", size = 92548, upload-time = "2025-05-23T12:26:49.901Z" }
wheels = [
    { url = "https://files.pythonhosted.org/packages/a1/1e/979ea64c98ca26979d8ce11e9a36579e17d22a71f51d7366d6eec3c82c13/pyqt6_sip-13.10.2-cp313-cp313-macosx_10_13_universal2.whl", hash = "sha256:8b5d06a0eac36038fa8734657d99b5fe92263ae7a0cd0a67be6acfe220a063e1", size = 112227, upload-time = "2025-05-23T12:26:38.758Z" },
    { url = "https://files.pythonhosted.org/packages/d9/21/84c230048e3bfef4a9209d16e56dcd2ae10590d03a31556ae8b5f1dcc724/pyqt6_sip-13.10.2-cp313-cp313-manylinux_2_17_aarch64.manylinux2014_aarch64.whl", hash = "sha256:ad376a6078da37b049fdf9d6637d71b52727e65c4496a80b753ddc8d27526aca", size = 322920, upload-time = "2025-05-23T12:26:39.856Z" },
    { url = "https://files.pythonhosted.org/packages/b0/1e/c6a28a142f14e735088534cc92951c3f48cccd77cdd4f3b10d7996be420f/pyqt6_sip-13.10.2-cp313-cp313-manylinux_2_5_x86_64.manylinux1_x86_64.whl", hash = "sha256:3dde8024d055f496eba7d44061c5a1ba4eb72fc95e5a9d7a0dbc908317e0888b", size = 303833, upload-time = "2025-05-23T12:26:41.075Z" },
    { url = "https://files.pythonhosted.org/packages/89/63/e5adf350c1c3123d4865c013f164c5265512fa79f09ad464fb2fdf9f9e61/pyqt6_sip-13.10.2-cp313-cp313-win_amd64.whl", hash = "sha256:0b097eb58b4df936c4a2a88a2f367c8bb5c20ff049a45a7917ad75d698e3b277", size = 53527, upload-time = "2025-05-23T12:26:42.625Z" },
    { url = "https://files.pythonhosted.org/packages/58/74/2df4195306d050fbf4963fb5636108a66e5afa6dc05fd9e81e51ec96c384/pyqt6_sip-13.10.2-cp313-cp313-win_arm64.whl", hash = "sha256:cc6a1dfdf324efaac6e7b890a608385205e652845c62130de919fd73a6326244", size = 45373, upload-time = "2025-05-23T12:26:43.536Z" },
]

[[package]]
name = "pyqtgraph"
version = "0.13.7"
source = { registry = "https://pypi.org/simple" }
dependencies = [
    { name = "numpy" },
]
sdist = { url = "https://files.pythonhosted.org/packages/33/d9/b62d5cddb3caa6e5145664bee5ed90223dee23ca887ed3ee479f2609e40a/pyqtgraph-0.13.7.tar.gz", hash = "sha256:64f84f1935c6996d0e09b1ee66fe478a7771e3ca6f3aaa05f00f6e068321d9e3", size = 2343380, upload-time = "2024-04-29T02:18:58.467Z" }
wheels = [
    { url = "https://files.pythonhosted.org/packages/7b/34/5702b3b7cafe99be1d94b42f100e8cc5e6957b761fcb1cf5f72d492851da/pyqtgraph-0.13.7-py3-none-any.whl", hash = "sha256:7754edbefb6c367fa0dfb176e2d0610da3ada20aa7a5318516c74af5fb72bf7a", size = 1925473, upload-time = "2024-04-29T02:18:56.206Z" },
]

[[package]]
name = "qtpy"
version = "2.4.3"
source = { registry = "https://pypi.org/simple" }
dependencies = [
    { name = "packaging" },
]
sdist = { url = "https://files.pythonhosted.org/packages/70/01/392eba83c8e47b946b929d7c46e0f04b35e9671f8bb6fc36b6f7945b4de8/qtpy-2.4.3.tar.gz", hash = "sha256:db744f7832e6d3da90568ba6ccbca3ee2b3b4a890c3d6fbbc63142f6e4cdf5bb", size = 66982, upload-time = "2025-02-11T15:09:25.759Z" }
wheels = [
    { url = "https://files.pythonhosted.org/packages/69/76/37c0ccd5ab968a6a438f9c623aeecc84c202ab2fabc6a8fd927580c15b5a/QtPy-2.4.3-py3-none-any.whl", hash = "sha256:72095afe13673e017946cc258b8d5da43314197b741ed2890e563cf384b51aa1", size = 95045, upload-time = "2025-02-11T15:09:24.162Z" },
]

[[package]]
name = "rmmesh"
version = "0.1.0"
source = { editable = "." }
dependencies = [
    { name = "numba" },
    { name = "numpy" },
    { name = "pyqtgraph" },
    { name = "qtpy" },
    { name = "scipy" },
]

[package.dev-dependencies]
dev = [
    { name = "pyqt6" },
    { name = "ruff" },
]

[package.metadata]
requires-dist = [
    { name = "numba", specifier = ">=0.62.0" },
    { name = "numpy", specifier = ">=1.26.0" },
    { name = "pyqtgraph", specifier = ">=0.13.7" },
    { name = "qtpy", specifier = ">=2.4.3" },
    { name = "scipy", specifier = ">=1.15.0" },
]

[package.metadata.requires-dev]
dev = [
    { name = "pyqt6", specifier = ">=6.9.1" },
    { name = "ruff", specifier = ">=0.13.1" },
]

[[package]]
name = "ruff"
version = "0.13.1"
source = { registry = "https://pypi.org/simple" }
sdist = { url = "https://files.pythonhosted.org/packages/ab/33/c8e89216845615d14d2d42ba2bee404e7206a8db782f33400754f3799f05/ruff-0.13.1.tar.gz", hash = "sha256:88074c3849087f153d4bb22e92243ad4c1b366d7055f98726bc19aa08dc12d51", size = 5397987, upload-time = "2025-09-18T19:52:44.33Z" }
wheels = [
    { url = "https://files.pythonhosted.org/packages/f3/41/ca37e340938f45cfb8557a97a5c347e718ef34702546b174e5300dbb1f28/ruff-0.13.1-py3-none-linux_armv6l.whl", hash = "sha256:b2abff595cc3cbfa55e509d89439b5a09a6ee3c252d92020bd2de240836cf45b", size = 12304308, upload-time = "2025-09-18T19:51:56.253Z" },
    { url = "https://files.pythonhosted.org/packages/ff/84/ba378ef4129415066c3e1c80d84e539a0d52feb250685091f874804f28af/ruff-0.13.1-py3-none-macosx_10_12_x86_64.whl", hash = "sha256:4ee9f4249bf7f8bb3984c41bfaf6a658162cdb1b22e3103eabc7dd1dc5579334", size = 12937258, upload-time = "2025-09-18T19:52:00.184Z" },
    { url = "https://files.pythonhosted.org/packages/8d/b6/ec5e4559ae0ad955515c176910d6d7c93edcbc0ed1a3195a41179c58431d/ruff-0.13.1-py3-none-macosx_11_0_arm64.whl", hash = "sha256:5c5da4af5f6418c07d75e6f3224e08147441f5d1eac2e6ce10dcce5e616a3bae", size = 12214554, upload-time = "2025-09-18T19:52:02.753Z" },
    { url = "https://files.pythonhosted.org/packages/70/d6/cb3e3b4f03b9b0c4d4d8f06126d34b3394f6b4d764912fe80a1300696ef6/ruff-0.13.1-py3-none-manylinux_2_17_aarch64.manylinux2014_aarch64.whl", hash = "sha256:80524f84a01355a59a93cef98d804e2137639823bcee2931f5028e71134a954e", size = 12448181, upload-time = "2025-09-18T19:52:05.279Z" },
    { url = "https://files.pythonhosted.org/packages/d2/ea/bf60cb46d7ade706a246cd3fb99e4cfe854efa3dfbe530d049c684da24ff/ruff-0.13.1-py3-none-manylinux_2_17_armv7l.manylinux2014_armv7l.whl", hash = "sha256:ff7f5ce8d7988767dd46a148192a14d0f48d1baea733f055d9064875c7d50389", size = 12104599, upload-time = "2025-09-18T19:52:07.497Z" },
    { url = "https://files.pythonhosted.org/packages/2d/3e/05f72f4c3d3a69e65d55a13e1dd1ade76c106d8546e7e54501d31f1dc54a/ruff-0.13.1-py3-none-manylinux_2_17_i686.manylinux2014_i686.whl", hash = "sha256:c55d84715061f8b05469cdc9a446aa6c7294cd4bd55e86a89e572dba14374f8c", size = 13791178, upload-time = "2025-09-18T19:52:10.189Z" },
    { url = "https://files.pythonhosted.org/packages/81/e7/01b1fc403dd45d6cfe600725270ecc6a8f8a48a55bc6521ad820ed3ceaf8/ruff-0.13.1-py3-none-manylinux_2_17_ppc64.manylinux2014_ppc64.whl", hash = "sha256:ac57fed932d90fa1624c946dc67a0a3388d65a7edc7d2d8e4ca7bddaa789b3b0", size = 14814474, upload-time = "2025-09-18T19:52:12.866Z" },
    { url = "https://files.pythonhosted.org/packages/fa/92/d9e183d4ed6185a8df2ce9faa3f22e80e95b5f88d9cc3d86a6d94331da3f/ruff-0.13.1-py3-none-manylinux_2_17_ppc64le.manylinux2014_ppc64le.whl", hash = "sha256:c366a71d5b4f41f86a008694f7a0d75fe409ec298685ff72dc882f882d532e36", size = 14217531, upload-time = "2025-09-18T19:52:15.245Z" },
    { url = "https://files.pythonhosted.org/packages/3b/4a/6ddb1b11d60888be224d721e01bdd2d81faaf1720592858ab8bac3600466/ruff-0.13.1-py3-none-manylinux_2_17_s390x.manylinux2014_s390x.whl", hash = "sha256:f4ea9d1b5ad3e7a83ee8ebb1229c33e5fe771e833d6d3dcfca7b77d95b060d38", size = 13265267, upload-time = "2025-09-18T19:52:17.649Z" },
    { url = "https://files.pythonhosted.org/packages/81/98/3f1d18a8d9ea33ef2ad508f0417fcb182c99b23258ec5e53d15db8289809/ruff-0.13.1-py3-none-manylinux_2_17_x86_64.manylinux2014_x86_64.whl", hash = "sha256:b0f70202996055b555d3d74b626406476cc692f37b13bac8828acff058c9966a", size = 13243120, upload-time = "2025-09-18T19:52:20.332Z" },
    { url = "https://files.pythonhosted.org/packages/8d/86/b6ce62ce9c12765fa6c65078d1938d2490b2b1d9273d0de384952b43c490/ruff-0.13.1-py3-none-manylinux_2_31_riscv64.whl", hash = "sha256:f8cff7a105dad631085d9505b491db33848007d6b487c3c1979dd8d9b2963783", size = 13443084, upload-time = "2025-09-18T19:52:23.032Z" },
    { url = "https://files.pythonhosted.org/packages/a1/6e/af7943466a41338d04503fb5a81b2fd07251bd272f546622e5b1599a7976/ruff-0.13.1-py3-none-musllinux_1_2_aarch64.whl", hash = "sha256:9761e84255443316a258dd7dfbd9bfb59c756e52237ed42494917b2577697c6a", size = 12295105, upload-time = "2025-09-18T19:52:25.263Z" },
    { url = "https://files.pythonhosted.org/packages/3f/97/0249b9a24f0f3ebd12f007e81c87cec6d311de566885e9309fcbac5b24cc/ruff-0.13.1-py3-none-musllinux_1_2_armv7l.whl", hash = "sha256:3d376a88c3102ef228b102211ef4a6d13df330cb0f5ca56fdac04ccec2a99700", size = 12072284, upload-time = "2025-09-18T19:52:27.478Z" },
    { url = "https://files.pythonhosted.org/packages/f6/85/0b64693b2c99d62ae65236ef74508ba39c3febd01466ef7f354885e5050c/ruff-0.13.1-py3-none-musllinux_1_2_i686.whl", hash = "sha256:cbefd60082b517a82c6ec8836989775ac05f8991715d228b3c1d86ccc7df7dae", size = 12970314, upload-time = "2025-09-18T19:52:30.212Z" },
    { url = "https://files.pythonhosted.org/packages/96/fc/342e9f28179915d28b3747b7654f932ca472afbf7090fc0c4011e802f494/ruff-0.13.1-py3-none-musllinux_1_2_x86_64.whl", hash = "sha256:dd16b9a5a499fe73f3c2ef09a7885cb1d97058614d601809d37c422ed1525317", size = 13422360, upload-time = "2025-09-18T19:52:32.676Z" },
    { url = "https://files.pythonhosted.org/packages/37/54/6177a0dc10bce6f43e392a2192e6018755473283d0cf43cc7e6afc182aea/ruff-0.13.1-py3-none-win32.whl", hash = "sha256:55e9efa692d7cb18580279f1fbb525146adc401f40735edf0aaeabd93099f9a0", size = 12178448, upload-time = "2025-09-18T19:52:35.545Z" },
    { url = "https://files.pythonhosted.org/packages/64/51/c6a3a33d9938007b8bdc8ca852ecc8d810a407fb513ab08e34af12dc7c24/ruff-0.13.1-py3-none-win_amd64.whl", hash = "sha256:3a3fb595287ee556de947183489f636b9f76a72f0fa9c028bdcabf5bab2cc5e5", size = 13286458, upload-time = "2025-09-18T19:52:38.198Z" },
    { url = "https://files.pythonhosted.org/packages/fd/04/afc078a12cf68592345b1e2d6ecdff837d286bac023d7a22c54c7a698c5b/ruff-0.13.1-py3-none-win_arm64.whl", hash = "sha256:c0bae9ffd92d54e03c2bf266f466da0a65e145f298ee5b5846ed435f6a00518a", size = 12437893, upload-time = "2025-09-18T19:52:41.283Z" },
]

[[package]]
name = "scipy"
version = "1.16.2"
source = { registry = "https://pypi.org/simple" }
dependencies = [
    { name = "numpy" },
]
sdist = { url = "https://files.pythonhosted.org/packages/4c/3b/546a6f0bfe791bbb7f8d591613454d15097e53f906308ec6f7c1ce588e8e/scipy-1.16.2.tar.gz", hash = "sha256:af029b153d243a80afb6eabe40b0a07f8e35c9adc269c019f364ad747f826a6b", size = 30580599, upload-time = "2025-09-11T17:48:08.271Z" }
wheels = [
    { url = "https://files.pythonhosted.org/packages/c1/27/c5b52f1ee81727a9fc457f5ac1e9bf3d6eab311805ea615c83c27ba06400/scipy-1.16.2-cp313-cp313-macosx_10_14_x86_64.whl", hash = "sha256:84f7bf944b43e20b8a894f5fe593976926744f6c185bacfcbdfbb62736b5cc70", size = 36604856, upload-time = "2025-09-11T17:41:47.695Z" },
    { url = "https://files.pythonhosted.org/packages/32/a9/15c20d08e950b540184caa8ced675ba1128accb0e09c653780ba023a4110/scipy-1.16.2-cp313-cp313-macosx_12_0_arm64.whl", hash = "sha256:5c39026d12edc826a1ef2ad35ad1e6d7f087f934bb868fc43fa3049c8b8508f9", size = 28864626, upload-time = "2025-09-11T17:41:52.642Z" },
    { url = "https://files.pythonhosted.org/packages/4c/fc/ea36098df653cca26062a627c1a94b0de659e97127c8491e18713ca0e3b9/scipy-1.16.2-cp313-cp313-macosx_14_0_arm64.whl", hash = "sha256:e52729ffd45b68777c5319560014d6fd251294200625d9d70fd8626516fc49f5", size = 20855689, upload-time = "2025-09-11T17:41:57.886Z" },
    { url = "https://files.pythonhosted.org/packages/dc/6f/d0b53be55727f3e6d7c72687ec18ea6d0047cf95f1f77488b99a2bafaee1/scipy-1.16.2-cp313-cp313-macosx_14_0_x86_64.whl", hash = "sha256:024dd4a118cccec09ca3209b7e8e614931a6ffb804b2a601839499cb88bdf925", size = 23512151, upload-time = "2025-09-11T17:42:02.303Z" },
    { url = "https://files.pythonhosted.org/packages/11/85/bf7dab56e5c4b1d3d8eef92ca8ede788418ad38a7dc3ff50262f00808760/scipy-1.16.2-cp313-cp313-manylinux2014_aarch64.manylinux_2_17_aarch64.whl", hash = "sha256:7a5dc7ee9c33019973a470556081b0fd3c9f4c44019191039f9769183141a4d9", size = 33329824, upload-time = "2025-09-11T17:42:07.549Z" },
    { url = "https://files.pythonhosted.org/packages/da/6a/1a927b14ddc7714111ea51f4e568203b2bb6ed59bdd036d62127c1a360c8/scipy-1.16.2-cp313-cp313-manylinux2014_x86_64.manylinux_2_17_x86_64.whl", hash = "sha256:c2275ff105e508942f99d4e3bc56b6ef5e4b3c0af970386ca56b777608ce95b7", size = 35681881, upload-time = "2025-09-11T17:42:13.255Z" },
    { url = "https://files.pythonhosted.org/packages/c1/5f/331148ea5780b4fcc7007a4a6a6ee0a0c1507a796365cc642d4d226e1c3a/scipy-1.16.2-cp313-cp313-musllinux_1_2_aarch64.whl", hash = "sha256:af80196eaa84f033e48444d2e0786ec47d328ba00c71e4299b602235ffef9acb", size = 36006219, upload-time = "2025-09-11T17:42:18.765Z" },
    { url = "https://files.pythonhosted.org/packages/46/3a/e991aa9d2aec723b4a8dcfbfc8365edec5d5e5f9f133888067f1cbb7dfc1/scipy-1.16.2-cp313-cp313-musllinux_1_2_x86_64.whl", hash = "sha256:9fb1eb735fe3d6ed1f89918224e3385fbf6f9e23757cacc35f9c78d3b712dd6e", size = 38682147, upload-time = "2025-09-11T17:42:25.177Z" },
    { url = "https://files.pythonhosted.org/packages/a1/57/0f38e396ad19e41b4c5db66130167eef8ee620a49bc7d0512e3bb67e0cab/scipy-1.16.2-cp313-cp313-win_amd64.whl", hash = "sha256:fda714cf45ba43c9d3bae8f2585c777f64e3f89a2e073b668b32ede412d8f52c", size = 38520766, upload-time = "2025-09-11T17:43:25.342Z" },
    { url = "https://files.pythonhosted.org/packages/1b/a5/85d3e867b6822d331e26c862a91375bb7746a0b458db5effa093d34cdb89/scipy-1.16.2-cp313-cp313-win_arm64.whl", hash = "sha256:2f5350da923ccfd0b00e07c3e5cfb316c1c0d6c1d864c07a72d092e9f20db104", size = 25451169, upload-time = "2025-09-11T17:43:30.198Z" },
    { url = "https://files.pythonhosted.org/packages/09/d9/60679189bcebda55992d1a45498de6d080dcaf21ce0c8f24f888117e0c2d/scipy-1.16.2-cp313-cp313t-macosx_10_14_x86_64.whl", hash = "sha256:53d8d2ee29b925344c13bda64ab51785f016b1b9617849dac10897f0701b20c1", size = 37012682, upload-time = "2025-09-11T17:42:30.677Z" },
    { url = "https://files.pythonhosted.org/packages/83/be/a99d13ee4d3b7887a96f8c71361b9659ba4ef34da0338f14891e102a127f/scipy-1.16.2-cp313-cp313t-macosx_12_0_arm64.whl", hash = "sha256:9e05e33657efb4c6a9d23bd8300101536abd99c85cca82da0bffff8d8764d08a", size = 29389926, upload-time = "2025-09-11T17:42:35.845Z" },
    { url = "https://files.pythonhosted.org/packages/bf/0a/130164a4881cec6ca8c00faf3b57926f28ed429cd6001a673f83c7c2a579/scipy-1.16.2-cp313-cp313t-macosx_14_0_arm64.whl", hash = "sha256:7fe65b36036357003b3ef9d37547abeefaa353b237e989c21027b8ed62b12d4f", size = 21381152, upload-time = "2025-09-11T17:42:40.07Z" },
    { url = "https://files.pythonhosted.org/packages/47/a6/503ffb0310ae77fba874e10cddfc4a1280bdcca1d13c3751b8c3c2996cf8/scipy-1.16.2-cp313-cp313t-macosx_14_0_x86_64.whl", hash = "sha256:6406d2ac6d40b861cccf57f49592f9779071655e9f75cd4f977fa0bdd09cb2e4", size = 23914410, upload-time = "2025-09-11T17:42:44.313Z" },
    { url = "https://files.pythonhosted.org/packages/fa/c7/1147774bcea50d00c02600aadaa919facbd8537997a62496270133536ed6/scipy-1.16.2-cp313-cp313t-manylinux2014_aarch64.manylinux_2_17_aarch64.whl", hash = "sha256:ff4dc42bd321991fbf611c23fc35912d690f731c9914bf3af8f417e64aca0f21", size = 33481880, upload-time = "2025-09-11T17:42:49.325Z" },
    { url = "https://files.pythonhosted.org/packages/6a/74/99d5415e4c3e46b2586f30cdbecb95e101c7192628a484a40dd0d163811a/scipy-1.16.2-cp313-cp313t-manylinux2014_x86_64.manylinux_2_17_x86_64.whl", hash = "sha256:654324826654d4d9133e10675325708fb954bc84dae6e9ad0a52e75c6b1a01d7", size = 35791425, upload-time = "2025-09-11T17:42:54.711Z" },
    { url = "https://files.pythonhosted.org/packages/1b/ee/a6559de7c1cc710e938c0355d9d4fbcd732dac4d0d131959d1f3b63eb29c/scipy-1.16.2-cp313-cp313t-musllinux_1_2_aarch64.whl", hash = "sha256:63870a84cd15c44e65220eaed2dac0e8f8b26bbb991456a033c1d9abfe8a94f8", size = 36178622, upload-time = "2025-09-11T17:43:00.375Z" },
    { url = "https://files.pythonhosted.org/packages/4e/7b/f127a5795d5ba8ece4e0dce7d4a9fb7cb9e4f4757137757d7a69ab7d4f1a/scipy-1.16.2-cp313-cp313t-musllinux_1_2_x86_64.whl", hash = "sha256:fa01f0f6a3050fa6a9771a95d5faccc8e2f5a92b4a2e5440a0fa7264a2398472", size = 38783985, upload-time = "2025-09-11T17:43:06.661Z" },
    { url = "https://files.pythonhosted.org/packages/3e/9f/bc81c1d1e033951eb5912cd3750cc005943afa3e65a725d2443a3b3c4347/scipy-1.16.2-cp313-cp313t-win_amd64.whl", hash = "sha256:116296e89fba96f76353a8579820c2512f6e55835d3fad7780fece04367de351", size = 38631367, upload-time = "2025-09-11T17:43:14.44Z" },
    { url = "https://files.pythonhosted.org/packages/d6/5e/2cc7555fd81d01814271412a1d59a289d25f8b63208a0a16c21069d55d3e/scipy-1.16.2-cp313-cp313t-win_arm64.whl", hash = "sha256:98e22834650be81d42982360382b43b17f7ba95e0e6993e2a4f5b9ad9283a94d", size = 25787992, upload-time = "2025-09-11T17:43:19.745Z" },
    { url = "https://files.pythonhosted.org/packages/8b/ac/ad8951250516db71619f0bd3b2eb2448db04b720a003dd98619b78b692c0/scipy-1.16.2-cp314-cp314-macosx_10_14_x86_64.whl", hash = "sha256:567e77755019bb7461513c87f02bb73fb65b11f049aaaa8ca17cfaa5a5c45d77", size = 36595109, upload-time = "2025-09-11T17:43:35.713Z" },
    { url = "https://files.pythonhosted.org/packages/ff/f6/5779049ed119c5b503b0f3dc6d6f3f68eefc3a9190d4ad4c276f854f051b/scipy-1.16.2-cp314-cp314-macosx_12_0_arm64.whl", hash = "sha256:17d9bb346194e8967296621208fcdfd39b55498ef7d2f376884d5ac47cec1a70", size = 28859110, upload-time = "2025-09-11T17:43:40.814Z" },
    { url = "https://files.pythonhosted.org/packages/82/09/9986e410ae38bf0a0c737ff8189ac81a93b8e42349aac009891c054403d7/scipy-1.16.2-cp314-cp314-macosx_14_0_arm64.whl", hash = "sha256:0a17541827a9b78b777d33b623a6dcfe2ef4a25806204d08ead0768f4e529a88", size = 20850110, upload-time = "2025-09-11T17:43:44.981Z" },
    { url = "https://files.pythonhosted.org/packages/0d/ad/485cdef2d9215e2a7df6d61b81d2ac073dfacf6ae24b9ae87274c4e936ae/scipy-1.16.2-cp314-cp314-macosx_14_0_x86_64.whl", hash = "sha256:d7d4c6ba016ffc0f9568d012f5f1eb77ddd99412aea121e6fa8b4c3b7cbad91f", size = 23497014, upload-time = "2025-09-11T17:43:49.074Z" },
    { url = "https://files.pythonhosted.org/packages/a7/74/f6a852e5d581122b8f0f831f1d1e32fb8987776ed3658e95c377d308ed86/scipy-1.16.2-cp314-cp314-manylinux2014_aarch64.manylinux_2_17_aarch64.whl", hash = "sha256:9702c4c023227785c779cba2e1d6f7635dbb5b2e0936cdd3a4ecb98d78fd41eb", size = 33401155, upload-time = "2025-09-11T17:43:54.661Z" },
    { url = "https://files.pythonhosted.org/packages/d9/f5/61d243bbc7c6e5e4e13dde9887e84a5cbe9e0f75fd09843044af1590844e/scipy-1.16.2-cp314-cp314-manylinux2014_x86_64.manylinux_2_17_x86_64.whl", hash = "sha256:d1cdf0ac28948d225decdefcc45ad7dd91716c29ab56ef32f8e0d50657dffcc7", size = 35691174, upload-time = "2025-09-11T17:44:00.101Z" },
    { url = "https://files.pythonhosted.org/packages/03/99/59933956331f8cc57e406cdb7a483906c74706b156998f322913e789c7e1/scipy-1.16.2-cp314-cp314-musllinux_1_2_aarch64.whl", hash = "sha256:70327d6aa572a17c2941cdfb20673f82e536e91850a2e4cb0c5b858b690e1548", size = 36070752, upload-time = "2025-09-11T17:44:05.619Z" },
    { url = "https://files.pythonhosted.org/packages/c6/7d/00f825cfb47ee19ef74ecf01244b43e95eae74e7e0ff796026ea7cd98456/scipy-1.16.2-cp314-cp314-musllinux_1_2_x86_64.whl", hash = "sha256:5221c0b2a4b58aa7c4ed0387d360fd90ee9086d383bb34d9f2789fafddc8a936", size = 38701010, upload-time = "2025-09-11T17:44:11.322Z" },
    { url = "https://files.pythonhosted.org/packages/e4/9f/b62587029980378304ba5a8563d376c96f40b1e133daacee76efdcae32de/scipy-1.16.2-cp314-cp314-win_amd64.whl", hash = "sha256:f5a85d7b2b708025af08f060a496dd261055b617d776fc05a1a1cc69e09fe9ff", size = 39360061, upload-time = "2025-09-11T17:45:09.814Z" },
    { url = "https://files.pythonhosted.org/packages/82/04/7a2f1609921352c7fbee0815811b5050582f67f19983096c4769867ca45f/scipy-1.16.2-cp314-cp314-win_arm64.whl", hash = "sha256:2cc73a33305b4b24556957d5857d6253ce1e2dcd67fa0ff46d87d1670b3e1e1d", size = 26126914, upload-time = "2025-09-11T17:45:14.73Z" },
    { url = "https://files.pythonhosted.org/packages/51/b9/60929ce350c16b221928725d2d1d7f86cf96b8bc07415547057d1196dc92/scipy-1.16.2-cp314-cp314t-macosx_10_14_x86_64.whl", hash = "sha256:9ea2a3fed83065d77367775d689401a703d0f697420719ee10c0780bcab594d8", size = 37013193, upload-time = "2025-09-11T17:44:16.757Z" },
    { url = "https://files.pythonhosted.org/packages/2a/41/ed80e67782d4bc5fc85a966bc356c601afddd175856ba7c7bb6d9490607e/scipy-1.16.2-cp314-cp314t-macosx_12_0_arm64.whl", hash = "sha256:7280d926f11ca945c3ef92ba960fa924e1465f8d07ce3a9923080363390624c4", size = 29390172, upload-time = "2025-09-11T17:44:21.783Z" },
    { url = "https://files.pythonhosted.org/packages/c4/a3/2f673ace4090452696ccded5f5f8efffb353b8f3628f823a110e0170b605/scipy-1.16.2-cp314-cp314t-macosx_14_0_arm64.whl", hash = "sha256:8afae1756f6a1fe04636407ef7dbece33d826a5d462b74f3d0eb82deabefd831", size = 21381326, upload-time = "2025-09-11T17:44:25.982Z" },
    { url = "https://files.pythonhosted.org/packages/42/bf/59df61c5d51395066c35836b78136accf506197617c8662e60ea209881e1/scipy-1.16.2-cp314-cp314t-macosx_14_0_x86_64.whl", hash = "sha256:5c66511f29aa8d233388e7416a3f20d5cae7a2744d5cee2ecd38c081f4e861b3", size = 23915036, upload-time = "2025-09-11T17:44:30.527Z" },
    { url = "https://files.pythonhosted.org/packages/91/c3/edc7b300dc16847ad3672f1a6f3f7c5d13522b21b84b81c265f4f2760d4a/scipy-1.16.2-cp314-cp314t-manylinux2014_aarch64.manylinux_2_17_aarch64.whl", hash = "sha256:efe6305aeaa0e96b0ccca5ff647a43737d9a092064a3894e46c414db84bc54ac", size = 33484341, upload-time = "2025-09-11T17:44:35.981Z" },
    { url = "https://files.pythonhosted.org/packages/26/c7/24d1524e72f06ff141e8d04b833c20db3021020563272ccb1b83860082a9/scipy-1.16.2-cp314-cp314t-manylinux2014_x86_64.manylinux_2_17_x86_64.whl", hash = "sha256:7f3a337d9ae06a1e8d655ee9d8ecb835ea5ddcdcbd8d23012afa055ab014f374", size = 35790840, upload-time = "2025-09-11T17:44:41.76Z" },
    { url = "https://files.pythonhosted.org/packages/aa/b7/5aaad984eeedd56858dc33d75efa59e8ce798d918e1033ef62d2708f2c3d/scipy-1.16.2-cp314-cp314t-musllinux_1_2_aarch64.whl", hash = "sha256:bab3605795d269067d8ce78a910220262711b753de8913d3deeaedb5dded3bb6", size = 36174716, upload-time = "2025-09-11T17:44:47.316Z" },
    { url = "https://files.pythonhosted.org/packages/fd/c2/e276a237acb09824822b0ada11b028ed4067fdc367a946730979feacb870/scipy-1.16.2-cp314-cp314t-musllinux_1_2_x86_64.whl", hash = "sha256:b0348d8ddb55be2a844c518cd8cc8deeeb8aeba707cf834db5758fc89b476a2c", size = 38790088, upload-time = "2025-09-11T17:44:53.011Z" },
    { url = "https://files.pythonhosted.org/packages/c6/b4/5c18a766e8353015439f3780f5fc473f36f9762edc1a2e45da3ff5a31b21/scipy-1.16.2-cp314-cp314t-win_amd64.whl", hash = "sha256:26284797e38b8a75e14ea6631d29bda11e76ceaa6ddb6fdebbfe4c4d90faf2f9", size = 39457455, upload-time = "2025-09-11T17:44:58.899Z" },
    { url = "https://files.pythonhosted.org/packages/97/30/2f9a5243008f76dfc5dee9a53dfb939d9b31e16ce4bd4f2e628bfc5d89d2/scipy-1.16.2-cp314-cp314t-win_arm64.whl", hash = "sha256:d2a4472c231328d4de38d5f1f68fdd6d28a615138f842580a8a321b5845cf779", size = 26448374, upload-time = "2025-09-11T17:45:03.45Z" },
]
